
Microsoft Visual Studio Solution File, Format Version 12.00
# Visual Studio Version 17
VisualStudioVersion = 17.9.34607.119
MinimumVisualStudioVersion = 10.0.40219.1
Project("{FAE04EC0-301F-11D3-BF4B-00C04F79EFBC}") = "StudentRoster", "StudentRoster\StudentRoster.csproj", "{329FECF1-5AE8-462C-BBFC-5070A789105E}"
EndProject
Global
	GlobalSection(SolutionConfigurationPlatforms) = preSolution
		Debug|Any CPU = Debug|Any CPU
		Release|Any CPU = Release|Any CPU
	EndGlobalSection
	GlobalSection(ProjectConfigurationPlatforms) = postSolution
		{329FECF1-5AE8-462C-BBFC-5070A789105E}.Debug|Any CPU.ActiveCfg = Debug|Any CPU
		{329FECF1-5AE8-462C-BBFC-5070A789105E}.Debug|Any CPU.Build.0 = Debug|Any CPU
		{329FECF1-5AE8-462C-BBFC-5070A789105E}.Release|Any CPU.ActiveCfg = Release|Any CPU
		{329FECF1-5AE8-462C-BBFC-5070A789105E}.Release|Any CPU.Build.0 = Release|Any CPU
	EndGlobalSection
	GlobalSection(SolutionProperties) = preSolution
		HideSolutionNode = FALSE
	EndGlobalSection
	GlobalSection(ExtensibilityGlobals) = postSolution
		SolutionGuid = {ED7F7A74-CAB7-4048-AAB8-5472F4677499}
	EndGlobalSection
EndGlobal
